
Microsoft Visual Studio Solution File, Format Version 12.00
# Visual Studio 15
VisualStudioVersion = 15.0.27004.2008
MinimumVisualStudioVersion = 10.0.40219.1
Project("{FAE04EC0-301F-11D3-BF4B-00C04F79EFBC}") = "wsdev", "wsdev\wsdev.csproj", "{B07C937F-C915-4C0A-8908-FE40FE3356DA}"
EndProject
Global
	GlobalSection(SolutionConfigurationPlatforms) = preSolution
		Debug|Any CPU = Debug|Any CPU
		Release|Any CPU = Release|Any CPU
	EndGlobalSection
	GlobalSection(ProjectConfigurationPlatforms) = postSolution
		{B07C937F-C915-4C0A-8908-FE40FE3356DA}.Debug|Any CPU.ActiveCfg = Debug|Any CPU
		{B07C937F-C915-4C0A-8908-FE40FE3356DA}.Debug|Any CPU.Build.0 = Debug|Any CPU
		{B07C937F-C915-4C0A-8908-FE40FE3356DA}.Release|Any CPU.ActiveCfg = Release|Any CPU
		{B07C937F-C915-4C0A-8908-FE40FE3356DA}.Release|Any CPU.Build.0 = Release|Any CPU
	EndGlobalSection
	GlobalSection(SolutionProperties) = preSolution
		HideSolutionNode = FALSE
	EndGlobalSection
	GlobalSection(ExtensibilityGlobals) = postSolution
		SolutionGuid = {6672B0CF-9F49-4611-90F4-D72E2648E0E1}
	EndGlobalSection
EndGlobal
